
Microsoft Visual Studio Solution File, Format Version 12.00
# Visual Studio Version 17
VisualStudioVersion = 17.14.36414.22 d17.14
MinimumVisualStudioVersion = 10.0.40219.1
Project("{FAE04EC0-301F-11D3-BF4B-00C04F79EFBC}") = "IT2A_rocnikovy_projekt_Polda", "IT2A_rocnikovy_projekt_Polda\IT2A_rocnikovy_projekt_Polda.csproj", "{C6A4EB27-E400-42B7-90E3-44E961497790}"
EndProject
Global
	GlobalSection(SolutionConfigurationPlatforms) = preSolution
		Debug|Any CPU = Debug|Any CPU
		Release|Any CPU = Release|Any CPU
	EndGlobalSection
	GlobalSection(ProjectConfigurationPlatforms) = postSolution
		{C6A4EB27-E400-42B7-90E3-44E961497790}.Debug|Any CPU.ActiveCfg = Debug|Any CPU
		{C6A4EB27-E400-42B7-90E3-44E961497790}.Debug|Any CPU.Build.0 = Debug|Any CPU
		{C6A4EB27-E400-42B7-90E3-44E961497790}.Release|Any CPU.ActiveCfg = Release|Any CPU
		{C6A4EB27-E400-42B7-90E3-44E961497790}.Release|Any CPU.Build.0 = Release|Any CPU
	EndGlobalSection
	GlobalSection(SolutionProperties) = preSolution
		HideSolutionNode = FALSE
	EndGlobalSection
	GlobalSection(ExtensibilityGlobals) = postSolution
		SolutionGuid = {9164F5C5-D5CE-4626-B505-18AC4708055F}
	EndGlobalSection
EndGlobal
